{
  "name": "yuque-tools",
  "version": "1.0.0",
  "lockfileVersion": 3,
  "requires": true,
  "packages": {
    "": {
      "name": "yuque-tools",
      "version": "1.0.0",
      "license": "MIT",
      "devDependencies": {
        "pnpm": "^8.10.0"
      }
    },
    "node_modules/.pnpm/prettier@3.0.3/node_modules/prettier": {
      "version": "3.0.3",
      "extraneous": true,
      "license": "MIT",
      "bin": {
        "prettier": "bin/prettier.cjs"
      },
      "engines": {
        "node": ">=14"
      },
      "funding": {
        "url": "https://github.com/prettier/prettier?sponsor=1"
      }
    },
    "node_modules/pnpm": {
      "version": "8.10.0",
      "resolved": "http://localhost:4873/pnpm/-/pnpm-8.10.0.tgz",
      "integrity": "sha512-nCy4Pyts9qJdjFgwC/mRl8fvO+hM8+dm8pBUtAuDtC+Kq6b8wxSp7PJ8APfOgKdXu0xgiADnrb4tKdxccFb1vg==",
      "dev": true,
      "license": "MIT",
      "bin": {
        "pnpm": "bin/pnpm.cjs",
        "pnpx": "bin/pnpx.cjs"
      },
      "engines": {
        "node": ">=16.14"
      },
      "funding": {
        "url": "https://opencollective.com/pnpm"
      }
    }
  }
}
